
Microsoft Visual Studio Solution File, Format Version 12.00
# Visual Studio Version 17
VisualStudioVersion = 17.14.37614.0 d17.14
MinimumVisualStudioVersion = 10.0.40219.1
Project("{FAE04EC0-301F-11D3-BF4B-00C04F79EFBC}") = "MauiAppMinhasCompras", "MauiAppMinhasCompras\MauiAppMinhasCompras.csproj", "{752B01B8-14DE-40D3-9959-BB045237D222}"
EndProject
Global
	GlobalSection(SolutionConfigurationPlatforms) = preSolution
		Debug|Any CPU = Debug|Any CPU
		Release|Any CPU = Release|Any CPU
	EndGlobalSection
	GlobalSection(ProjectConfigurationPlatforms) = postSolution
		{752B01B8-14DE-40D3-9959-BB045237D222}.Debug|Any CPU.ActiveCfg = Debug|Any CPU
		{752B01B8-14DE-40D3-9959-BB045237D222}.Debug|Any CPU.Build.0 = Debug|Any CPU
		{752B01B8-14DE-40D3-9959-BB045237D222}.Release|Any CPU.ActiveCfg = Release|Any CPU
		{752B01B8-14DE-40D3-9959-BB045237D222}.Release|Any CPU.Build.0 = Release|Any CPU
	EndGlobalSection
	GlobalSection(SolutionProperties) = preSolution
		HideSolutionNode = FALSE
	EndGlobalSection
	GlobalSection(ExtensibilityGlobals) = postSolution
		SolutionGuid = {4C16634C-4211-43D3-B8BB-0B47EC2B4588}
	EndGlobalSection
EndGlobal
